{
  "version": 4,
  "terraform_version": "1.8.4",
  "serial": 24,
  "lineage": "a66e8011-a331-c576-2f75-e65eae7ff0e0",
  "outputs": {},
  "resources": [
    {
      "mode": "managed",
      "type": "mongodbatlas_cluster",
      "name": "mycluster",
      "provider": "provider[\"registry.terraform.io/mongodb/mongodbatlas\"]",
      "instances": [
        {
          "schema_version": 1,
          "attributes": {
            "accept_data_risks_and_force_replica_set_reconfig": "",
            "advanced_configuration": [
              {
                "default_read_concern": "",
                "default_write_concern": "",
                "fail_index_key_too_long": false,
                "javascript_enabled": true,
                "minimum_enabled_tls_protocol": "TLS1_2",
                "no_table_scan": false,
                "oplog_min_retention_hours": 0,
                "oplog_size_mb": 0,
                "sample_refresh_interval_bi_connector": 0,
                "sample_size_bi_connector": 0,
                "transaction_lifetime_limit_seconds": 0
              }
            ],
            "auto_scaling_compute_enabled": false,
            "auto_scaling_compute_scale_down_enabled": false,
            "auto_scaling_disk_gb_enabled": null,
            "backing_provider_name": "AWS",
            "backup_enabled": false,
            "bi_connector_config": [
              {
                "enabled": false,
                "read_preference": "secondary"
              }
            ],
            "cloud_backup": null,
            "cluster_id": "666023676e343223bd7c6ae1",
            "cluster_type": "REPLICASET",
            "connection_strings": [
              {
                "private": "",
                "private_endpoint": [],
                "private_srv": "",
                "standard": "mongodb://ac-sacutrx-shard-00-00.xfhcu56.mongodb.net:27017,ac-sacutrx-shard-00-01.xfhcu56.mongodb.net:27017,ac-sacutrx-shard-00-02.xfhcu56.mongodb.net:27017/?ssl=true\u0026authSource=admin\u0026replicaSet=atlas-130bs9-shard-0",
                "standard_srv": "mongodb+srv://cluster-test.xfhcu56.mongodb.net"
              }
            ],
            "container_id": null,
            "disk_size_gb": 0.5,
            "encryption_at_rest_provider": "NONE",
            "id": "Y2x1c3Rlcl9pZA==:NjY2MDIzNjc2ZTM0MzIyM2JkN2M2YWUx-Y2x1c3Rlcl9uYW1l:Y2x1c3Rlci10ZXN0-cHJvamVjdF9pZA==:NjY2MDIzNjAxOTY1MTAyMTE2NDhmNTRl-cHJvdmlkZXJfbmFtZQ==:VEVOQU5U",
            "labels": [],
            "mongo_db_major_version": "7.0",
            "mongo_db_version": "7.0.11",
            "mongo_uri": "mongodb://ac-sacutrx-shard-00-00.xfhcu56.mongodb.net:27017,ac-sacutrx-shard-00-01.xfhcu56.mongodb.net:27017,ac-sacutrx-shard-00-02.xfhcu56.mongodb.net:27017",
            "mongo_uri_updated": "2024-06-05T08:36:13Z",
            "mongo_uri_with_options": "mongodb://ac-sacutrx-shard-00-00.xfhcu56.mongodb.net:27017,ac-sacutrx-shard-00-01.xfhcu56.mongodb.net:27017,ac-sacutrx-shard-00-02.xfhcu56.mongodb.net:27017/?ssl=true\u0026authSource=admin\u0026replicaSet=atlas-130bs9-shard-0",
            "name": "cluster-test",
            "num_shards": 1,
            "paused": false,
            "pit_enabled": false,
            "project_id": "66602360196510211648f54e",
            "provider_auto_scaling_compute_max_instance_size": "",
            "provider_auto_scaling_compute_min_instance_size": "",
            "provider_disk_iops": null,
            "provider_disk_type_name": "",
            "provider_encrypt_ebs_volume": null,
            "provider_encrypt_ebs_volume_flag": null,
            "provider_instance_size_name": "M0",
            "provider_name": "TENANT",
            "provider_region_name": "US_EAST_1",
            "provider_volume_type": "",
            "replication_factor": 3,
            "replication_specs": [
              {
                "id": "666023676e343223bd7c6a9a",
                "num_shards": 1,
                "regions_config": [
                  {
                    "analytics_nodes": 0,
                    "electable_nodes": 3,
                    "priority": 7,
                    "read_only_nodes": 0,
                    "region_name": "US_EAST_1"
                  }
                ],
                "zone_name": "Zone 1"
              }
            ],
            "retain_backups_enabled": null,
            "snapshot_backup_policy": [],
            "srv_address": "mongodb+srv://cluster-test.xfhcu56.mongodb.net",
            "state_name": "IDLE",
            "tags": [],
            "termination_protection_enabled": false,
            "timeouts": null,
            "version_release_system": "LTS"
          },
          "sensitive_attributes": [],
          "private": "eyJlMmJmYjczMC1lY2FhLTExZTYtOGY4OC0zNDM2M2JjN2M0YzAiOnsiY3JlYXRlIjoxMDgwMDAwMDAwMDAwMCwiZGVsZXRlIjoxMDgwMDAwMDAwMDAwMCwidXBkYXRlIjoxMDgwMDAwMDAwMDAwMH0sInNjaGVtYV92ZXJzaW9uIjoiMSJ9",
          "dependencies": [
            "mongodbatlas_project.myproject"
          ]
        }
      ]
    },
    {
      "mode": "managed",
      "type": "mongodbatlas_project",
      "name": "myproject",
      "provider": "provider[\"registry.terraform.io/mongodb/mongodbatlas\"]",
      "instances": [
        {
          "schema_version": 0,
          "attributes": {
            "cluster_count": 0,
            "created": "2024-06-05T08:35:48Z",
            "id": "66602360196510211648f54e",
            "ip_addresses": {
              "services": {
                "clusters": []
              }
            },
            "is_collect_database_specifics_statistics_enabled": true,
            "is_data_explorer_enabled": true,
            "is_extended_storage_sizes_enabled": false,
            "is_performance_advisor_enabled": true,
            "is_realtime_performance_panel_enabled": true,
            "is_schema_advisor_enabled": true,
            "limits": [],
            "name": "myproject",
            "org_id": "65df9c940a52b731f95d373f",
            "project_owner_id": null,
            "region_usage_restrictions": null,
            "tags": null,
            "teams": [],
            "with_default_alerts_settings": true
          },
          "sensitive_attributes": []
        }
      ]
    }
  ],
  "check_results": null
}
